
Microsoft Visual Studio Solution File, Format Version 12.00
# Visual Studio 2013
VisualStudioVersion = 12.0.31101.0
MinimumVisualStudioVersion = 10.0.40219.1
Project("{FAE04EC0-301F-11D3-BF4B-00C04F79EFBC}") = "Przychodnia", "Przychodnia.csproj", "{2B85DB74-8417-46BE-8593-D5F3C8B68F68}"
	ProjectSection(ProjectDependencies) = postProject
		{BCF7C22B-7FD0-4893-BB48-C94FA75FD2B4} = {BCF7C22B-7FD0-4893-BB48-C94FA75FD2B4}
		{643668E1-B986-462D-BD57-EC94B700C518} = {643668E1-B986-462D-BD57-EC94B700C518}
	EndProjectSection
EndProject
Project("{FAE04EC0-301F-11D3-BF4B-00C04F79EFBC}") = "BizzLayer", "..\BizzLayer\BizzLayer.csproj", "{643668E1-B986-462D-BD57-EC94B700C518}"
	ProjectSection(ProjectDependencies) = postProject
		{BCF7C22B-7FD0-4893-BB48-C94FA75FD2B4} = {BCF7C22B-7FD0-4893-BB48-C94FA75FD2B4}
	EndProjectSection
EndProject
Project("{FAE04EC0-301F-11D3-BF4B-00C04F79EFBC}") = "DataLayer", "..\DataLayer\DataLayer.csproj", "{BCF7C22B-7FD0-4893-BB48-C94FA75FD2B4}"
EndProject
Global
	GlobalSection(SolutionConfigurationPlatforms) = preSolution
		Debug|Any CPU = Debug|Any CPU
		Release|Any CPU = Release|Any CPU
	EndGlobalSection
	GlobalSection(ProjectConfigurationPlatforms) = postSolution
		{2B85DB74-8417-46BE-8593-D5F3C8B68F68}.Debug|Any CPU.ActiveCfg = Debug|Any CPU
		{2B85DB74-8417-46BE-8593-D5F3C8B68F68}.Debug|Any CPU.Build.0 = Debug|Any CPU
		{2B85DB74-8417-46BE-8593-D5F3C8B68F68}.Release|Any CPU.ActiveCfg = Release|Any CPU
		{2B85DB74-8417-46BE-8593-D5F3C8B68F68}.Release|Any CPU.Build.0 = Release|Any CPU
		{643668E1-B986-462D-BD57-EC94B700C518}.Debug|Any CPU.ActiveCfg = Debug|Any CPU
		{643668E1-B986-462D-BD57-EC94B700C518}.Debug|Any CPU.Build.0 = Debug|Any CPU
		{643668E1-B986-462D-BD57-EC94B700C518}.Release|Any CPU.ActiveCfg = Release|Any CPU
		{643668E1-B986-462D-BD57-EC94B700C518}.Release|Any CPU.Build.0 = Release|Any CPU
		{BCF7C22B-7FD0-4893-BB48-C94FA75FD2B4}.Debug|Any CPU.ActiveCfg = Debug|Any CPU
		{BCF7C22B-7FD0-4893-BB48-C94FA75FD2B4}.Debug|Any CPU.Build.0 = Debug|Any CPU
		{BCF7C22B-7FD0-4893-BB48-C94FA75FD2B4}.Release|Any CPU.ActiveCfg = Release|Any CPU
		{BCF7C22B-7FD0-4893-BB48-C94FA75FD2B4}.Release|Any CPU.Build.0 = Release|Any CPU
	EndGlobalSection
	GlobalSection(SolutionProperties) = preSolution
		HideSolutionNode = FALSE
	EndGlobalSection
EndGlobal
